// !$*UTF8*$!
{
	archiveVersion = 1;
	classes = {
	};
	objectVersion = 45;
	objects = {

/* Begin PBXBuildFile section */
		1DDD58160DA1D0A300B32029 /* MainMenu.xib in Resources */ = {isa = PBXBuildFile; fileRef = 1DDD58140DA1D0A300B32029 /* MainMenu.xib */; };
		8D11072B0486CEB800E47090 /* InfoPlist.strings in Resources */ = {isa = PBXBuildFile; fileRef = 089C165CFE840E0CC02AAC07 /* InfoPlist.strings */; };
		8D11072D0486CEB800E47090 /* main.m in Sources */ = {isa = PBXBuildFile; fileRef = 29B97316FDCFA39411CA2CEA /* main.m */; settings = {ATTRIBUTES = (); }; };
		8D11072F0486CEB800E47090 /* Cocoa.framework in Frameworks */ = {isa = PBXBuildFile; fileRef = 1058C7A1FEA54F0111CA2CBB /* Cocoa.framework */; };
		AC1518F21275FFD400E15888 /* icon_reference_off.png in Resources */ = {isa = PBXBuildFile; fileRef = AC1518F11275FFD400E15888 /* icon_reference_off.png */; };
		AC151983127604BC00E15888 /* icon_location_off.png in Resources */ = {isa = PBXBuildFile; fileRef = AC15197E127604BC00E15888 /* icon_location_off.png */; };
		AC151984127604BC00E15888 /* icon_settings_off.png in Resources */ = {isa = PBXBuildFile; fileRef = AC15197F127604BC00E15888 /* icon_settings_off.png */; };
		AC151985127604BC00E15888 /* icon_sun_off.png in Resources */ = {isa = PBXBuildFile; fileRef = AC151980127604BC00E15888 /* icon_sun_off.png */; };
		AC151986127604BC00E15888 /* icon_time_off.png in Resources */ = {isa = PBXBuildFile; fileRef = AC151981127604BC00E15888 /* icon_time_off.png */; };
		AC151987127604BC00E15888 /* icon_view_off.png in Resources */ = {isa = PBXBuildFile; fileRef = AC151982127604BC00E15888 /* icon_view_off.png */; };
		AC2366C21276261F00B27ED9 /* minus.png in Resources */ = {isa = PBXBuildFile; fileRef = AC2366BF1276261F00B27ED9 /* minus.png */; };
		AC2366C31276261F00B27ED9 /* plus.png in Resources */ = {isa = PBXBuildFile; fileRef = AC2366C01276261F00B27ED9 /* plus.png */; };
		AC2366C41276261F00B27ED9 /* slider.png in Resources */ = {isa = PBXBuildFile; fileRef = AC2366C11276261F00B27ED9 /* slider.png */; };
		AC2366F11276287E00B27ED9 /* line.png in Resources */ = {isa = PBXBuildFile; fileRef = AC2366F01276287E00B27ED9 /* line.png */; };
		AC4E797C1275E7980019855E /* nav.png in Resources */ = {isa = PBXBuildFile; fileRef = AC4E797B1275E7980019855E /* nav.png */; };
		AC4E79941275EA330019855E /* QuartzCore.framework in Frameworks */ = {isa = PBXBuildFile; fileRef = AC4E79931275EA330019855E /* QuartzCore.framework */; };
		AC94C297127340A500478872 /* ALDataManager.m in Sources */ = {isa = PBXBuildFile; fileRef = AC94C28C127340A500478872 /* ALDataManager.m */; };
		AC94C298127340A500478872 /* ALDrawer.m in Sources */ = {isa = PBXBuildFile; fileRef = AC94C28E127340A500478872 /* ALDrawer.m */; };
		AC94C299127340A500478872 /* ALMapView.m in Sources */ = {isa = PBXBuildFile; fileRef = AC94C290127340A500478872 /* ALMapView.m */; };
		AC94C29B127340A500478872 /* AloftAppDelegate.m in Sources */ = {isa = PBXBuildFile; fileRef = AC94C294127340A500478872 /* AloftAppDelegate.m */; };
		AC94C29C127340A500478872 /* ALTimeManager.m in Sources */ = {isa = PBXBuildFile; fileRef = AC94C296127340A500478872 /* ALTimeManager.m */; };
		AC94C2A0127340B800478872 /* database.db in Resources */ = {isa = PBXBuildFile; fileRef = AC94C29E127340B800478872 /* database.db */; };
		DC1A1B7112721A6C00591ADA /* libsqlite3.dylib in Frameworks */ = {isa = PBXBuildFile; fileRef = DC1A1B7012721A6C00591ADA /* libsqlite3.dylib */; };
		DC7B5FB012722A4800A2929C /* cmath.m in Sources */ = {isa = PBXBuildFile; fileRef = DC7B5FAF12722A4800A2929C /* cmath.m */; };
		DCE08A971274D10300B15764 /* constellation_lines.txt in Resources */ = {isa = PBXBuildFile; fileRef = DCE08A961274D10300B15764 /* constellation_lines.txt */; };
/* End PBXBuildFile section */

/* Begin PBXFileReference section */
		089C165DFE840E0CC02AAC07 /* English */ = {isa = PBXFileReference; fileEncoding = 4; lastKnownFileType = text.plist.strings; name = English; path = English.lproj/InfoPlist.strings; sourceTree = "<group>"; };
		1058C7A1FEA54F0111CA2CBB /* Cocoa.framework */ = {isa = PBXFileReference; lastKnownFileType = wrapper.framework; name = Cocoa.framework; path = /System/Library/Frameworks/Cocoa.framework; sourceTree = "<absolute>"; };
		13E42FB307B3F0F600E4EEF1 /* CoreData.framework */ = {isa = PBXFileReference; lastKnownFileType = wrapper.framework; name = CoreData.framework; path = /System/Library/Frameworks/CoreData.framework; sourceTree = "<absolute>"; };
		1DDD58150DA1D0A300B32029 /* English */ = {isa = PBXFileReference; lastKnownFileType = file.xib; name = English; path = English.lproj/MainMenu.xib; sourceTree = "<group>"; };
		256AC3F00F4B6AF500CF3369 /* Aloft_Prefix.pch */ = {isa = PBXFileReference; fileEncoding = 4; lastKnownFileType = sourcecode.c.h; path = Aloft_Prefix.pch; sourceTree = "<group>"; };
		29B97316FDCFA39411CA2CEA /* main.m */ = {isa = PBXFileReference; fileEncoding = 4; lastKnownFileType = sourcecode.c.objc; path = main.m; sourceTree = "<group>"; };
		29B97324FDCFA39411CA2CEA /* AppKit.framework */ = {isa = PBXFileReference; lastKnownFileType = wrapper.framework; name = AppKit.framework; path = /System/Library/Frameworks/AppKit.framework; sourceTree = "<absolute>"; };
		29B97325FDCFA39411CA2CEA /* Foundation.framework */ = {isa = PBXFileReference; lastKnownFileType = wrapper.framework; name = Foundation.framework; path = /System/Library/Frameworks/Foundation.framework; sourceTree = "<absolute>"; };
		8D1107310486CEB800E47090 /* Aloft-Info.plist */ = {isa = PBXFileReference; fileEncoding = 4; lastKnownFileType = text.plist.xml; path = "Aloft-Info.plist"; sourceTree = "<group>"; };
		8D1107320486CEB800E47090 /* Aloft.app */ = {isa = PBXFileReference; explicitFileType = wrapper.application; includeInIndex = 0; path = Aloft.app; sourceTree = BUILT_PRODUCTS_DIR; };
		AC1518F11275FFD400E15888 /* icon_reference_off.png */ = {isa = PBXFileReference; lastKnownFileType = image.png; name = icon_reference_off.png; path = Resources/Images/Backgrounds/Nav/icon_reference_off.png; sourceTree = "<group>"; };
		AC15197E127604BC00E15888 /* icon_location_off.png */ = {isa = PBXFileReference; lastKnownFileType = image.png; name = icon_location_off.png; path = Resources/Images/Backgrounds/Nav/icon_location_off.png; sourceTree = "<group>"; };
		AC15197F127604BC00E15888 /* icon_settings_off.png */ = {isa = PBXFileReference; lastKnownFileType = image.png; name = icon_settings_off.png; path = Resources/Images/Backgrounds/Nav/icon_settings_off.png; sourceTree = "<group>"; };
		AC151980127604BC00E15888 /* icon_sun_off.png */ = {isa = PBXFileReference; lastKnownFileType = image.png; name = icon_sun_off.png; path = Resources/Images/Backgrounds/Nav/icon_sun_off.png; sourceTree = "<group>"; };
		AC151981127604BC00E15888 /* icon_time_off.png */ = {isa = PBXFileReference; lastKnownFileType = image.png; name = icon_time_off.png; path = Resources/Images/Backgrounds/Nav/icon_time_off.png; sourceTree = "<group>"; };
		AC151982127604BC00E15888 /* icon_view_off.png */ = {isa = PBXFileReference; lastKnownFileType = image.png; name = icon_view_off.png; path = Resources/Images/Backgrounds/Nav/icon_view_off.png; sourceTree = "<group>"; };
		AC2366BF1276261F00B27ED9 /* minus.png */ = {isa = PBXFileReference; lastKnownFileType = image.png; name = minus.png; path = Resources/Images/Backgrounds/Nav/afbeeldingen/minus.png; sourceTree = "<group>"; };
		AC2366C01276261F00B27ED9 /* plus.png */ = {isa = PBXFileReference; lastKnownFileType = image.png; name = plus.png; path = Resources/Images/Backgrounds/Nav/afbeeldingen/plus.png; sourceTree = "<group>"; };
		AC2366C11276261F00B27ED9 /* slider.png */ = {isa = PBXFileReference; lastKnownFileType = image.png; name = slider.png; path = Resources/Images/Backgrounds/Nav/afbeeldingen/slider.png; sourceTree = "<group>"; };
		AC2366F01276287E00B27ED9 /* line.png */ = {isa = PBXFileReference; lastKnownFileType = image.png; name = line.png; path = Resources/Images/Backgrounds/Nav/afbeeldingen/line.png; sourceTree = "<group>"; };
		AC4E797B1275E7980019855E /* nav.png */ = {isa = PBXFileReference; lastKnownFileType = image.png; name = nav.png; path = Resources/Images/Backgrounds/Nav/nav.png; sourceTree = "<group>"; };
		AC4E79931275EA330019855E /* QuartzCore.framework */ = {isa = PBXFileReference; lastKnownFileType = wrapper.framework; name = QuartzCore.framework; path = System/Library/Frameworks/QuartzCore.framework; sourceTree = SDKROOT; };
		AC94C28B127340A500478872 /* ALDataManager.h */ = {isa = PBXFileReference; fileEncoding = 4; lastKnownFileType = sourcecode.c.h; name = ALDataManager.h; path = Classes/ALDataManager.h; sourceTree = "<group>"; };
		AC94C28C127340A500478872 /* ALDataManager.m */ = {isa = PBXFileReference; fileEncoding = 4; lastKnownFileType = sourcecode.c.objc; name = ALDataManager.m; path = Classes/ALDataManager.m; sourceTree = "<group>"; };
		AC94C28D127340A500478872 /* ALDrawer.h */ = {isa = PBXFileReference; fileEncoding = 4; lastKnownFileType = sourcecode.c.h; name = ALDrawer.h; path = Classes/ALDrawer.h; sourceTree = "<group>"; };
		AC94C28E127340A500478872 /* ALDrawer.m */ = {isa = PBXFileReference; fileEncoding = 4; lastKnownFileType = sourcecode.c.objc; name = ALDrawer.m; path = Classes/ALDrawer.m; sourceTree = "<group>"; };
		AC94C28F127340A500478872 /* ALMapView.h */ = {isa = PBXFileReference; fileEncoding = 4; lastKnownFileType = sourcecode.c.h; name = ALMapView.h; path = Classes/ALMapView.h; sourceTree = "<group>"; };
		AC94C290127340A500478872 /* ALMapView.m */ = {isa = PBXFileReference; fileEncoding = 4; lastKnownFileType = sourcecode.c.objc; name = ALMapView.m; path = Classes/ALMapView.m; sourceTree = "<group>"; };
		AC94C293127340A500478872 /* AloftAppDelegate.h */ = {isa = PBXFileReference; fileEncoding = 4; lastKnownFileType = sourcecode.c.h; name = AloftAppDelegate.h; path = Classes/AloftAppDelegate.h; sourceTree = "<group>"; };
		AC94C294127340A500478872 /* AloftAppDelegate.m */ = {isa = PBXFileReference; fileEncoding = 4; lastKnownFileType = sourcecode.c.objc; name = AloftAppDelegate.m; path = Classes/AloftAppDelegate.m; sourceTree = "<group>"; };
		AC94C295127340A500478872 /* ALTimeManager.h */ = {isa = PBXFileReference; fileEncoding = 4; lastKnownFileType = sourcecode.c.h; name = ALTimeManager.h; path = Classes/ALTimeManager.h; sourceTree = "<group>"; };
		AC94C296127340A500478872 /* ALTimeManager.m */ = {isa = PBXFileReference; fileEncoding = 4; lastKnownFileType = sourcecode.c.objc; name = ALTimeManager.m; path = Classes/ALTimeManager.m; sourceTree = "<group>"; };
		AC94C29E127340B800478872 /* database.db */ = {isa = PBXFileReference; lastKnownFileType = file; name = database.db; path = Data/database.db; sourceTree = "<group>"; };
		DC1A1B7012721A6C00591ADA /* libsqlite3.dylib */ = {isa = PBXFileReference; lastKnownFileType = "compiled.mach-o.dylib"; name = libsqlite3.dylib; path = usr/lib/libsqlite3.dylib; sourceTree = SDKROOT; };
		DC7B5FAE12722A4800A2929C /* cmath.h */ = {isa = PBXFileReference; fileEncoding = 4; lastKnownFileType = sourcecode.c.h; path = cmath.h; sourceTree = "<group>"; };
		DC7B5FAF12722A4800A2929C /* cmath.m */ = {isa = PBXFileReference; fileEncoding = 4; lastKnownFileType = sourcecode.c.objc; path = cmath.m; sourceTree = "<group>"; };
		DCE08A961274D10300B15764 /* constellation_lines.txt */ = {isa = PBXFileReference; fileEncoding = 4; lastKnownFileType = text; name = constellation_lines.txt; path = Data/constellation_lines.txt; sourceTree = "<group>"; };
/* End PBXFileReference section */

/* Begin PBXFrameworksBuildPhase section */
		8D11072E0486CEB800E47090 /* Frameworks */ = {
			isa = PBXFrameworksBuildPhase;
			buildActionMask = 2147483647;
			files = (
				8D11072F0486CEB800E47090 /* Cocoa.framework in Frameworks */,
				DC1A1B7112721A6C00591ADA /* libsqlite3.dylib in Frameworks */,
				AC4E79941275EA330019855E /* QuartzCore.framework in Frameworks */,
			);
			runOnlyForDeploymentPostprocessing = 0;
		};
/* End PBXFrameworksBuildPhase section */

/* Begin PBXGroup section */
		080E96DDFE201D6D7F000001 /* Classes */ = {
			isa = PBXGroup;
			children = (
				DC7B5FAC127229E600A2929C /* Celestial */,
			);
			name = Classes;
			sourceTree = "<group>";
		};
		1058C7A0FEA54F0111CA2CBB /* Linked Frameworks */ = {
			isa = PBXGroup;
			children = (
				1058C7A1FEA54F0111CA2CBB /* Cocoa.framework */,
				DC1A1B7012721A6C00591ADA /* libsqlite3.dylib */,
			);
			name = "Linked Frameworks";
			sourceTree = "<group>";
		};
		1058C7A2FEA54F0111CA2CBB /* Other Frameworks */ = {
			isa = PBXGroup;
			children = (
				29B97324FDCFA39411CA2CEA /* AppKit.framework */,
				13E42FB307B3F0F600E4EEF1 /* CoreData.framework */,
				29B97325FDCFA39411CA2CEA /* Foundation.framework */,
				AC4E79931275EA330019855E /* QuartzCore.framework */,
			);
			name = "Other Frameworks";
			sourceTree = "<group>";
		};
		19C28FACFE9D520D11CA2CBB /* Products */ = {
			isa = PBXGroup;
			children = (
				8D1107320486CEB800E47090 /* Aloft.app */,
			);
			name = Products;
			sourceTree = "<group>";
		};
		29B97314FDCFA39411CA2CEA /* Aloft */ = {
			isa = PBXGroup;
			children = (
				080E96DDFE201D6D7F000001 /* Classes */,
				29B97315FDCFA39411CA2CEA /* Other Sources */,
				29B97317FDCFA39411CA2CEA /* Resources */,
				29B97323FDCFA39411CA2CEA /* Frameworks */,
				19C28FACFE9D520D11CA2CBB /* Products */,
			);
			name = Aloft;
			sourceTree = "<group>";
		};
		29B97315FDCFA39411CA2CEA /* Other Sources */ = {
			isa = PBXGroup;
			children = (
				256AC3F00F4B6AF500CF3369 /* Aloft_Prefix.pch */,
				29B97316FDCFA39411CA2CEA /* main.m */,
			);
			name = "Other Sources";
			sourceTree = "<group>";
		};
		29B97317FDCFA39411CA2CEA /* Resources */ = {
			isa = PBXGroup;
			children = (
				AC4E795C1275E4C30019855E /* Images */,
				DC7B5ECD12721FB100A2929C /* Data */,
				8D1107310486CEB800E47090 /* Aloft-Info.plist */,
				089C165CFE840E0CC02AAC07 /* InfoPlist.strings */,
				1DDD58140DA1D0A300B32029 /* MainMenu.xib */,
			);
			name = Resources;
			sourceTree = "<group>";
		};
		29B97323FDCFA39411CA2CEA /* Frameworks */ = {
			isa = PBXGroup;
			children = (
				1058C7A0FEA54F0111CA2CBB /* Linked Frameworks */,
				1058C7A2FEA54F0111CA2CBB /* Other Frameworks */,
			);
			name = Frameworks;
			sourceTree = "<group>";
		};
		AC1518F31275FFD700E15888 /* Icons */ = {
			isa = PBXGroup;
			children = (
				AC1518F11275FFD400E15888 /* icon_reference_off.png */,
				AC15197E127604BC00E15888 /* icon_location_off.png */,
				AC15197F127604BC00E15888 /* icon_settings_off.png */,
				AC151980127604BC00E15888 /* icon_sun_off.png */,
				AC151981127604BC00E15888 /* icon_time_off.png */,
				AC151982127604BC00E15888 /* icon_view_off.png */,
			);
			name = Icons;
			sourceTree = "<group>";
		};
		AC2366BB1276239100B27ED9 /* zoom */ = {
			isa = PBXGroup;
			children = (
				AC2366BF1276261F00B27ED9 /* minus.png */,
				AC2366F01276287E00B27ED9 /* line.png */,
				AC2366C01276261F00B27ED9 /* plus.png */,
				AC2366C11276261F00B27ED9 /* slider.png */,
			);
			name = zoom;
			sourceTree = "<group>";
		};
		AC4E795C1275E4C30019855E /* Images */ = {
			isa = PBXGroup;
			children = (
				AC2366BB1276239100B27ED9 /* zoom */,
				AC1518F31275FFD700E15888 /* Icons */,
				AC4E795D1275E4C90019855E /* Backgrounds */,
			);
			name = Images;
			sourceTree = "<group>";
		};
		AC4E795D1275E4C90019855E /* Backgrounds */ = {
			isa = PBXGroup;
			children = (
				AC4E797B1275E7980019855E /* nav.png */,
			);
			name = Backgrounds;
			sourceTree = "<group>";
		};
		AC94C2A61273412600478872 /* Graphics */ = {
			isa = PBXGroup;
			children = (
				AC94C28D127340A500478872 /* ALDrawer.h */,
				AC94C28E127340A500478872 /* ALDrawer.m */,
			);
			name = Graphics;
			sourceTree = "<group>";
		};
		AC94C2A71273412C00478872 /* Views */ = {
			isa = PBXGroup;
			children = (
				AC94C28F127340A500478872 /* ALMapView.h */,
				AC94C290127340A500478872 /* ALMapView.m */,
			);
			name = Views;
			sourceTree = "<group>";
		};
		AC94C2A81273413200478872 /* Managers */ = {
			isa = PBXGroup;
			children = (
				AC94C28B127340A500478872 /* ALDataManager.h */,
				AC94C28C127340A500478872 /* ALDataManager.m */,
				AC94C295127340A500478872 /* ALTimeManager.h */,
				AC94C296127340A500478872 /* ALTimeManager.m */,
			);
			name = Managers;
			sourceTree = "<group>";
		};
		AC94C2A91273413B00478872 /* Math */ = {
			isa = PBXGroup;
			children = (
				DC7B5FAE12722A4800A2929C /* cmath.h */,
				DC7B5FAF12722A4800A2929C /* cmath.m */,
			);
			name = Math;
			sourceTree = "<group>";
		};
		DC7B5ECD12721FB100A2929C /* Data */ = {
			isa = PBXGroup;
			children = (
				AC94C29E127340B800478872 /* database.db */,
				DCE08A961274D10300B15764 /* constellation_lines.txt */,
			);
			name = Data;
			sourceTree = "<group>";
		};
		DC7B5FAC127229E600A2929C /* Celestial */ = {
			isa = PBXGroup;
			children = (
				AC94C2A91273413B00478872 /* Math */,
				AC94C2A81273413200478872 /* Managers */,
				AC94C2A61273412600478872 /* Graphics */,
				AC94C2A71273412C00478872 /* Views */,
				AC94C293127340A500478872 /* AloftAppDelegate.h */,
				AC94C294127340A500478872 /* AloftAppDelegate.m */,
			);
			name = Celestial;
			sourceTree = "<group>";
		};
/* End PBXGroup section */

/* Begin PBXNativeTarget section */
		8D1107260486CEB800E47090 /* Aloft */ = {
			isa = PBXNativeTarget;
			buildConfigurationList = C01FCF4A08A954540054247B /* Build configuration list for PBXNativeTarget "Aloft" */;
			buildPhases = (
				8D1107290486CEB800E47090 /* Resources */,
				8D11072C0486CEB800E47090 /* Sources */,
				8D11072E0486CEB800E47090 /* Frameworks */,
			);
			buildRules = (
			);
			dependencies = (
			);
			name = Aloft;
			productInstallPath = "$(HOME)/Applications";
			productName = Aloft;
			productReference = 8D1107320486CEB800E47090 /* Aloft.app */;
			productType = "com.apple.product-type.application";
		};
/* End PBXNativeTarget section */

/* Begin PBXProject section */
		29B97313FDCFA39411CA2CEA /* Project object */ = {
			isa = PBXProject;
			buildConfigurationList = C01FCF4E08A954540054247B /* Build configuration list for PBXProject "Aloft" */;
			compatibilityVersion = "Xcode 3.1";
			hasScannedForEncodings = 1;
			knownRegions = (
				English,
				Japanese,
				French,
				German,
			);
			mainGroup = 29B97314FDCFA39411CA2CEA /* Aloft */;
			projectDirPath = "";
			projectRoot = "";
			targets = (
				8D1107260486CEB800E47090 /* Aloft */,
			);
		};
/* End PBXProject section */

/* Begin PBXResourcesBuildPhase section */
		8D1107290486CEB800E47090 /* Resources */ = {
			isa = PBXResourcesBuildPhase;
			buildActionMask = 2147483647;
			files = (
				8D11072B0486CEB800E47090 /* InfoPlist.strings in Resources */,
				1DDD58160DA1D0A300B32029 /* MainMenu.xib in Resources */,
				AC94C2A0127340B800478872 /* database.db in Resources */,
				DCE08A971274D10300B15764 /* constellation_lines.txt in Resources */,
				AC4E797C1275E7980019855E /* nav.png in Resources */,
				AC1518F21275FFD400E15888 /* icon_reference_off.png in Resources */,
				AC151983127604BC00E15888 /* icon_location_off.png in Resources */,
				AC151984127604BC00E15888 /* icon_settings_off.png in Resources */,
				AC151985127604BC00E15888 /* icon_sun_off.png in Resources */,
				AC151986127604BC00E15888 /* icon_time_off.png in Resources */,
				AC151987127604BC00E15888 /* icon_view_off.png in Resources */,
				AC2366C21276261F00B27ED9 /* minus.png in Resources */,
				AC2366C31276261F00B27ED9 /* plus.png in Resources */,
				AC2366C41276261F00B27ED9 /* slider.png in Resources */,
				AC2366F11276287E00B27ED9 /* line.png in Resources */,
			);
			runOnlyForDeploymentPostprocessing = 0;
		};
/* End PBXResourcesBuildPhase section */

/* Begin PBXSourcesBuildPhase section */
		8D11072C0486CEB800E47090 /* Sources */ = {
			isa = PBXSourcesBuildPhase;
			buildActionMask = 2147483647;
			files = (
				8D11072D0486CEB800E47090 /* main.m in Sources */,
				DC7B5FB012722A4800A2929C /* cmath.m in Sources */,
				AC94C297127340A500478872 /* ALDataManager.m in Sources */,
				AC94C298127340A500478872 /* ALDrawer.m in Sources */,
				AC94C299127340A500478872 /* ALMapView.m in Sources */,
				AC94C29B127340A500478872 /* AloftAppDelegate.m in Sources */,
				AC94C29C127340A500478872 /* ALTimeManager.m in Sources */,
			);
			runOnlyForDeploymentPostprocessing = 0;
		};
/* End PBXSourcesBuildPhase section */

/* Begin PBXVariantGroup section */
		089C165CFE840E0CC02AAC07 /* InfoPlist.strings */ = {
			isa = PBXVariantGroup;
			children = (
				089C165DFE840E0CC02AAC07 /* English */,
			);
			name = InfoPlist.strings;
			sourceTree = "<group>";
		};
		1DDD58140DA1D0A300B32029 /* MainMenu.xib */ = {
			isa = PBXVariantGroup;
			children = (
				1DDD58150DA1D0A300B32029 /* English */,
			);
			name = MainMenu.xib;
			sourceTree = "<group>";
		};
/* End PBXVariantGroup section */

/* Begin XCBuildConfiguration section */
		C01FCF4B08A954540054247B /* Debug */ = {
			isa = XCBuildConfiguration;
			buildSettings = {
				ALWAYS_SEARCH_USER_PATHS = NO;
				COPY_PHASE_STRIP = NO;
				GCC_DYNAMIC_NO_PIC = NO;
				GCC_ENABLE_FIX_AND_CONTINUE = YES;
				GCC_MODEL_TUNING = G5;
				GCC_OPTIMIZATION_LEVEL = 0;
				GCC_PRECOMPILE_PREFIX_HEADER = YES;
				GCC_PREFIX_HEADER = Aloft_Prefix.pch;
				INFOPLIST_FILE = "Aloft-Info.plist";
				INSTALL_PATH = "$(HOME)/Applications";
				PRODUCT_NAME = Aloft;
			};
			name = Debug;
		};
		C01FCF4C08A954540054247B /* Release */ = {
			isa = XCBuildConfiguration;
			buildSettings = {
				ALWAYS_SEARCH_USER_PATHS = NO;
				DEBUG_INFORMATION_FORMAT = "dwarf-with-dsym";
				GCC_MODEL_TUNING = G5;
				GCC_PRECOMPILE_PREFIX_HEADER = YES;
				GCC_PREFIX_HEADER = Aloft_Prefix.pch;
				INFOPLIST_FILE = "Aloft-Info.plist";
				INSTALL_PATH = "$(HOME)/Applications";
				PRODUCT_NAME = Aloft;
			};
			name = Release;
		};
		C01FCF4F08A954540054247B /* Debug */ = {
			isa = XCBuildConfiguration;
			buildSettings = {
				ARCHS = "$(ARCHS_STANDARD_32_64_BIT)";
				GCC_C_LANGUAGE_STANDARD = gnu99;
				GCC_OPTIMIZATION_LEVEL = 0;
				GCC_WARN_ABOUT_RETURN_TYPE = YES;
				GCC_WARN_UNUSED_VARIABLE = YES;
				ONLY_ACTIVE_ARCH = YES;
				PREBINDING = NO;
				SDKROOT = macosx10.6;
			};
			name = Debug;
		};
		C01FCF5008A954540054247B /* Release */ = {
			isa = XCBuildConfiguration;
			buildSettings = {
				ARCHS = "$(ARCHS_STANDARD_32_64_BIT)";
				GCC_C_LANGUAGE_STANDARD = gnu99;
				GCC_WARN_ABOUT_RETURN_TYPE = YES;
				GCC_WARN_UNUSED_VARIABLE = YES;
				PREBINDING = NO;
				SDKROOT = macosx10.6;
			};
			name = Release;
		};
/* End XCBuildConfiguration section */

/* Begin XCConfigurationList section */
		C01FCF4A08A954540054247B /* Build configuration list for PBXNativeTarget "Aloft" */ = {
			isa = XCConfigurationList;
			buildConfigurations = (
				C01FCF4B08A954540054247B /* Debug */,
				C01FCF4C08A954540054247B /* Release */,
			);
			defaultConfigurationIsVisible = 0;
			defaultConfigurationName = Release;
		};
		C01FCF4E08A954540054247B /* Build configuration list for PBXProject "Aloft" */ = {
			isa = XCConfigurationList;
			buildConfigurations = (
				C01FCF4F08A954540054247B /* Debug */,
				C01FCF5008A954540054247B /* Release */,
			);
			defaultConfigurationIsVisible = 0;
			defaultConfigurationName = Release;
		};
/* End XCConfigurationList section */
	};
	rootObject = 29B97313FDCFA39411CA2CEA /* Project object */;
}
